Microsoft Visual Studio Solution File, Format Version 12.00
# Visual Studio Version 17
VisualStudioVersion = 17.5.2.0
MinimumVisualStudioVersion = 10.0.40219.1
Project("{FAE04EC0-301F-11D3-BF4B-00C04F79EFBC}") = "DotnetStarterProject", "DotnetStarterProject.csproj", "{9304A557-B4FC-B58A-ED3E-30A7B7355A22}"
EndProject
Global
	GlobalSection(SolutionConfigurationPlatforms) = preSolution
		Debug|Any CPU = Debug|Any CPU
		Release|Any CPU = Release|Any CPU
	EndGlobalSection
	GlobalSection(ProjectConfigurationPlatforms) = postSolution
		{9304A557-B4FC-B58A-ED3E-30A7B7355A22}.Debug|Any CPU.ActiveCfg = Debug|Any CPU
		{9304A557-B4FC-B58A-ED3E-30A7B7355A22}.Debug|Any CPU.Build.0 = Debug|Any CPU
		{9304A557-B4FC-B58A-ED3E-30A7B7355A22}.Release|Any CPU.ActiveCfg = Release|Any CPU
		{9304A557-B4FC-B58A-ED3E-30A7B7355A22}.Release|Any CPU.Build.0 = Release|Any CPU
	EndGlobalSection
	GlobalSection(SolutionProperties) = preSolution
		HideSolutionNode = FALSE
	EndGlobalSection
	GlobalSection(ExtensibilityGlobals) = postSolution
		SolutionGuid = {B12B1BD6-3BAF-44D5-A21D-0C3E22CA9782}
	EndGlobalSection
EndGlobal
